
Microsoft Visual Studio Solution File, Format Version 12.00
# Visual Studio Version 17
VisualStudioVersion = 17.7.34031.279
MinimumVisualStudioVersion = 10.0.40219.1
Project("{FAE04EC0-301F-11D3-BF4B-00C04F79EFBC}") = "LabTask_8Oct", "LabTask_8Oct\LabTask_8Oct.csproj", "{2E4C8D95-411C-4C3A-9580-9B54F167DA06}"
EndProject
Global
	GlobalSection(SolutionConfigurationPlatforms) = preSolution
		Debug|Any CPU = Debug|Any CPU
		Release|Any CPU = Release|Any CPU
	EndGlobalSection
	GlobalSection(ProjectConfigurationPlatforms) = postSolution
		{2E4C8D95-411C-4C3A-9580-9B54F167DA06}.Debug|Any CPU.ActiveCfg = Debug|Any CPU
		{2E4C8D95-411C-4C3A-9580-9B54F167DA06}.Debug|Any CPU.Build.0 = Debug|Any CPU
		{2E4C8D95-411C-4C3A-9580-9B54F167DA06}.Release|Any CPU.ActiveCfg = Release|Any CPU
		{2E4C8D95-411C-4C3A-9580-9B54F167DA06}.Release|Any CPU.Build.0 = Release|Any CPU
	EndGlobalSection
	GlobalSection(SolutionProperties) = preSolution
		HideSolutionNode = FALSE
	EndGlobalSection
	GlobalSection(ExtensibilityGlobals) = postSolution
		SolutionGuid = {5A0CBAA5-8FEB-4194-8DCC-69EFB1126301}
	EndGlobalSection
EndGlobal
